
Microsoft Visual Studio Solution File, Format Version 12.00
# Visual Studio Version 17
VisualStudioVersion = 17.7.34003.232
MinimumVisualStudioVersion = 10.0.40219.1
Project("{FAE04EC0-301F-11D3-BF4B-00C04F79EFBC}") = "WpfNorthwindApp", "WpfNorthwindApp.csproj", "{AAE5D004-18CF-47BD-9138-761988EC99BC}"
EndProject
Global
	GlobalSection(SolutionConfigurationPlatforms) = preSolution
		Debug|Any CPU = Debug|Any CPU
		Release|Any CPU = Release|Any CPU
	EndGlobalSection
	GlobalSection(ProjectConfigurationPlatforms) = postSolution
		{AAE5D004-18CF-47BD-9138-761988EC99BC}.Debug|Any CPU.ActiveCfg = Debug|Any CPU
		{AAE5D004-18CF-47BD-9138-761988EC99BC}.Debug|Any CPU.Build.0 = Debug|Any CPU
		{AAE5D004-18CF-47BD-9138-761988EC99BC}.Release|Any CPU.ActiveCfg = Release|Any CPU
		{AAE5D004-18CF-47BD-9138-761988EC99BC}.Release|Any CPU.Build.0 = Release|Any CPU
	EndGlobalSection
	GlobalSection(SolutionProperties) = preSolution
		HideSolutionNode = FALSE
	EndGlobalSection
	GlobalSection(ExtensibilityGlobals) = postSolution
		SolutionGuid = {52748D6F-44F7-4475-8D65-FA05AC49CC48}
	EndGlobalSection
EndGlobal
